
Microsoft Visual Studio Solution File, Format Version 12.00
# Visual Studio Version 16
VisualStudioVersion = 16.0.29806.167
MinimumVisualStudioVersion = 10.0.40219.1
Project("{9A19103F-16F7-4668-BE54-9A1E7A4F7556}") = "Logic", "Logic\Logic.csproj", "{E3A6B129-C6ED-425A-81B6-325068267218}"
EndProject
Project("{9A19103F-16F7-4668-BE54-9A1E7A4F7556}") = "Tests", "Tests\Tests.csproj", "{FFB8EECE-F35F-4B21-866D-7EB13C76557B}"
EndProject
Project("{9A19103F-16F7-4668-BE54-9A1E7A4F7556}") = "JgYxs.UI", "UI\JgYxs.UI.csproj", "{EEE4D0FA-0915-48CE-9EAA-9BE37B6E437E}"
EndProject
Project("{9A19103F-16F7-4668-BE54-9A1E7A4F7556}") = "JiguangYxsConsole", "JiguangYxsConsole\JiguangYxsConsole.csproj", "{5886E5B0-2182-4354-9519-3B523FC1622F}"
EndProject
Global
	GlobalSection(SolutionConfigurationPlatforms) = preSolution
		Debug|Any CPU = Debug|Any CPU
		Release|Any CPU = Release|Any CPU
	EndGlobalSection
	GlobalSection(ProjectConfigurationPlatforms) = postSolution
		{E3A6B129-C6ED-425A-81B6-325068267218}.Debug|Any CPU.ActiveCfg = Debug|Any CPU
		{E3A6B129-C6ED-425A-81B6-325068267218}.Debug|Any CPU.Build.0 = Debug|Any CPU
		{E3A6B129-C6ED-425A-81B6-325068267218}.Release|Any CPU.ActiveCfg = Release|Any CPU
		{E3A6B129-C6ED-425A-81B6-325068267218}.Release|Any CPU.Build.0 = Release|Any CPU
		{FFB8EECE-F35F-4B21-866D-7EB13C76557B}.Debug|Any CPU.ActiveCfg = Debug|Any CPU
		{FFB8EECE-F35F-4B21-866D-7EB13C76557B}.Debug|Any CPU.Build.0 = Debug|Any CPU
		{FFB8EECE-F35F-4B21-866D-7EB13C76557B}.Release|Any CPU.ActiveCfg = Release|Any CPU
		{FFB8EECE-F35F-4B21-866D-7EB13C76557B}.Release|Any CPU.Build.0 = Release|Any CPU
		{EEE4D0FA-0915-48CE-9EAA-9BE37B6E437E}.Debug|Any CPU.ActiveCfg = Debug|Any CPU
		{EEE4D0FA-0915-48CE-9EAA-9BE37B6E437E}.Debug|Any CPU.Build.0 = Debug|Any CPU
		{EEE4D0FA-0915-48CE-9EAA-9BE37B6E437E}.Release|Any CPU.ActiveCfg = Release|Any CPU
		{EEE4D0FA-0915-48CE-9EAA-9BE37B6E437E}.Release|Any CPU.Build.0 = Release|Any CPU
		{5886E5B0-2182-4354-9519-3B523FC1622F}.Debug|Any CPU.ActiveCfg = Debug|Any CPU
		{5886E5B0-2182-4354-9519-3B523FC1622F}.Debug|Any CPU.Build.0 = Debug|Any CPU
		{5886E5B0-2182-4354-9519-3B523FC1622F}.Release|Any CPU.ActiveCfg = Release|Any CPU
		{5886E5B0-2182-4354-9519-3B523FC1622F}.Release|Any CPU.Build.0 = Release|Any CPU
	EndGlobalSection
	GlobalSection(SolutionProperties) = preSolution
		HideSolutionNode = FALSE
	EndGlobalSection
	GlobalSection(ExtensibilityGlobals) = postSolution
		SolutionGuid = {968BF3CE-619B-40E1-8894-737FA0300D30}
	EndGlobalSection
EndGlobal
